
Microsoft Visual Studio Solution File, Format Version 12.00
# Visual Studio 15
VisualStudioVersion = 15.0.27703.2035
MinimumVisualStudioVersion = 10.0.40219.1
Project("{FAE04EC0-301F-11D3-BF4B-00C04F79EFBC}") = "SuperheroCreator", "SuperheroCreator\SuperheroCreator.csproj", "{ECA8CD7F-F32D-437E-A4CF-A87A560E5F99}"
EndProject
Project("{FAE04EC0-301F-11D3-BF4B-00C04F79EFBC}") = "SuperheroCreator.Tests", "SuperheroCreator.Tests\SuperheroCreator.Tests.csproj", "{BAE8D8E2-5EBD-4BE0-96C7-B6F0744DF839}"
EndProject
Global
	GlobalSection(SolutionConfigurationPlatforms) = preSolution
		Debug|Any CPU = Debug|Any CPU
		Release|Any CPU = Release|Any CPU
	EndGlobalSection
	GlobalSection(ProjectConfigurationPlatforms) = postSolution
		{ECA8CD7F-F32D-437E-A4CF-A87A560E5F99}.Debug|Any CPU.ActiveCfg = Debug|Any CPU
		{ECA8CD7F-F32D-437E-A4CF-A87A560E5F99}.Debug|Any CPU.Build.0 = Debug|Any CPU
		{ECA8CD7F-F32D-437E-A4CF-A87A560E5F99}.Release|Any CPU.ActiveCfg = Release|Any CPU
		{ECA8CD7F-F32D-437E-A4CF-A87A560E5F99}.Release|Any CPU.Build.0 = Release|Any CPU
		{BAE8D8E2-5EBD-4BE0-96C7-B6F0744DF839}.Debug|Any CPU.ActiveCfg = Debug|Any CPU
		{BAE8D8E2-5EBD-4BE0-96C7-B6F0744DF839}.Debug|Any CPU.Build.0 = Debug|Any CPU
		{BAE8D8E2-5EBD-4BE0-96C7-B6F0744DF839}.Release|Any CPU.ActiveCfg = Release|Any CPU
		{BAE8D8E2-5EBD-4BE0-96C7-B6F0744DF839}.Release|Any CPU.Build.0 = Release|Any CPU
	EndGlobalSection
	GlobalSection(SolutionProperties) = preSolution
		HideSolutionNode = FALSE
	EndGlobalSection
	GlobalSection(ExtensibilityGlobals) = postSolution
		SolutionGuid = {457F2CBF-D346-4CDC-B8FE-D4E3834EBEBB}
	EndGlobalSection
EndGlobal
